
Microsoft Visual Studio Solution File, Format Version 12.00
# Visual Studio Version 17
VisualStudioVersion = 17.14.36518.9
MinimumVisualStudioVersion = 10.0.40219.1
Project("{FAE04EC0-301F-11D3-BF4B-00C04F79EFBC}") = "黑客松homework01", "黑客松homework01\黑客松homework01.csproj", "{5803F7CE-612F-475A-8620-F11CE7158590}"
EndProject
Project("{FAE04EC0-301F-11D3-BF4B-00C04F79EFBC}") = "temperature conversion", "temperature conversion\temperature conversion.csproj", "{2A11FF5E-8545-4CE9-B592-42A02176B05F}"
EndProject
Project("{FAE04EC0-301F-11D3-BF4B-00C04F79EFBC}") = "count string lengths", "count string lengths\count string lengths.csproj", "{8403D29C-740A-4477-A6E5-7B4CA8B64CCB}"
EndProject
Project("{FAE04EC0-301F-11D3-BF4B-00C04F79EFBC}") = "guess number", "guess number\guess number.csproj", "{02B51E06-0CD2-485C-BE32-D02BEF580C21}"
EndProject
Project("{FAE04EC0-301F-11D3-BF4B-00C04F79EFBC}") = "LifeNumber", "LifeNumber\LifeNumber.csproj", "{F9A3F5F9-BE38-4FFD-8BB1-BED614641ECF}"
EndProject
Global
	GlobalSection(SolutionConfigurationPlatforms) = preSolution
		Debug|Any CPU = Debug|Any CPU
		Release|Any CPU = Release|Any CPU
	EndGlobalSection
	GlobalSection(ProjectConfigurationPlatforms) = postSolution
		{5803F7CE-612F-475A-8620-F11CE7158590}.Debug|Any CPU.ActiveCfg = Debug|Any CPU
		{5803F7CE-612F-475A-8620-F11CE7158590}.Debug|Any CPU.Build.0 = Debug|Any CPU
		{5803F7CE-612F-475A-8620-F11CE7158590}.Release|Any CPU.ActiveCfg = Release|Any CPU
		{5803F7CE-612F-475A-8620-F11CE7158590}.Release|Any CPU.Build.0 = Release|Any CPU
		{2A11FF5E-8545-4CE9-B592-42A02176B05F}.Debug|Any CPU.ActiveCfg = Debug|Any CPU
		{2A11FF5E-8545-4CE9-B592-42A02176B05F}.Debug|Any CPU.Build.0 = Debug|Any CPU
		{2A11FF5E-8545-4CE9-B592-42A02176B05F}.Release|Any CPU.ActiveCfg = Release|Any CPU
		{2A11FF5E-8545-4CE9-B592-42A02176B05F}.Release|Any CPU.Build.0 = Release|Any CPU
		{8403D29C-740A-4477-A6E5-7B4CA8B64CCB}.Debug|Any CPU.ActiveCfg = Debug|Any CPU
		{8403D29C-740A-4477-A6E5-7B4CA8B64CCB}.Debug|Any CPU.Build.0 = Debug|Any CPU
		{8403D29C-740A-4477-A6E5-7B4CA8B64CCB}.Release|Any CPU.ActiveCfg = Release|Any CPU
		{8403D29C-740A-4477-A6E5-7B4CA8B64CCB}.Release|Any CPU.Build.0 = Release|Any CPU
		{02B51E06-0CD2-485C-BE32-D02BEF580C21}.Debug|Any CPU.ActiveCfg = Debug|Any CPU
		{02B51E06-0CD2-485C-BE32-D02BEF580C21}.Debug|Any CPU.Build.0 = Debug|Any CPU
		{02B51E06-0CD2-485C-BE32-D02BEF580C21}.Release|Any CPU.ActiveCfg = Release|Any CPU
		{02B51E06-0CD2-485C-BE32-D02BEF580C21}.Release|Any CPU.Build.0 = Release|Any CPU
		{F9A3F5F9-BE38-4FFD-8BB1-BED614641ECF}.Debug|Any CPU.ActiveCfg = Debug|Any CPU
		{F9A3F5F9-BE38-4FFD-8BB1-BED614641ECF}.Debug|Any CPU.Build.0 = Debug|Any CPU
		{F9A3F5F9-BE38-4FFD-8BB1-BED614641ECF}.Release|Any CPU.ActiveCfg = Release|Any CPU
		{F9A3F5F9-BE38-4FFD-8BB1-BED614641ECF}.Release|Any CPU.Build.0 = Release|Any CPU
	EndGlobalSection
	GlobalSection(SolutionProperties) = preSolution
		HideSolutionNode = FALSE
	EndGlobalSection
	GlobalSection(ExtensibilityGlobals) = postSolution
		SolutionGuid = {BB5809EF-2B6F-485C-947F-2D8D3FFD4492}
	EndGlobalSection
EndGlobal
